
Microsoft Visual Studio Solution File, Format Version 12.00
Project("{FAE04EC0-301F-11D3-BF4B-00C04F79EFBC}") = "Business.Api", "src\Business.Api\Business.Api.csproj", "{BF1C22D2-1CF5-42A7-A2F7-F8AB1D1BC1B6}"
EndProject
Project("{FAE04EC0-301F-11D3-BF4B-00C04F79EFBC}") = "Business.Api.Unit.Tests", "tests\Business.Api.Unit.Tests\Business.Api.Unit.Tests.csproj", "{C9F0F477-86C0-4210-A83C-5489D8D9AE87}"
EndProject
Global
	GlobalSection(SolutionConfigurationPlatforms) = preSolution
		Debug|Any CPU = Debug|Any CPU
		Release|Any CPU = Release|Any CPU
	EndGlobalSection
	GlobalSection(ProjectConfigurationPlatforms) = postSolution
		{BF1C22D2-1CF5-42A7-A2F7-F8AB1D1BC1B6}.Debug|Any CPU.ActiveCfg = Debug|Any CPU
		{BF1C22D2-1CF5-42A7-A2F7-F8AB1D1BC1B6}.Debug|Any CPU.Build.0 = Debug|Any CPU
		{BF1C22D2-1CF5-42A7-A2F7-F8AB1D1BC1B6}.Release|Any CPU.ActiveCfg = Release|Any CPU
		{BF1C22D2-1CF5-42A7-A2F7-F8AB1D1BC1B6}.Release|Any CPU.Build.0 = Release|Any CPU
		{C9F0F477-86C0-4210-A83C-5489D8D9AE87}.Debug|Any CPU.ActiveCfg = Debug|Any CPU
		{C9F0F477-86C0-4210-A83C-5489D8D9AE87}.Debug|Any CPU.Build.0 = Debug|Any CPU
		{C9F0F477-86C0-4210-A83C-5489D8D9AE87}.Release|Any CPU.ActiveCfg = Release|Any CPU
		{C9F0F477-86C0-4210-A83C-5489D8D9AE87}.Release|Any CPU.Build.0 = Release|Any CPU
	EndGlobalSection
EndGlobal
